
Microsoft Visual Studio Solution File, Format Version 12.00
# Visual Studio Version 16
VisualStudioVersion = 16.0.32002.261
MinimumVisualStudioVersion = 10.0.40219.1
Project("{9A19103F-16F7-4668-BE54-9A1E7A4F7556}") = "CrudO", "CrudO\CrudO.csproj", "{9EB3D7C4-52EF-4726-A013-503A2DB06887}"
EndProject
Project("{9A19103F-16F7-4668-BE54-9A1E7A4F7556}") = "CrudO.API", "CrudO.API\CrudO.API.csproj", "{6C73297D-D26D-46F1-AEA1-9F6BA2AE9F5A}"
EndProject
Project("{9A19103F-16F7-4668-BE54-9A1E7A4F7556}") = "CrudO.Sample", "CrudO.Sample\CrudO.Sample.csproj", "{6AF5B1C2-4897-43BA-ACE8-27CEFCB163E2}"
EndProject
Project("{9A19103F-16F7-4668-BE54-9A1E7A4F7556}") = "CrudO.WebComponent", "CrudO.WebComponent\CrudO.WebComponent.csproj", "{43833969-E215-4850-829F-063F00CC4219}"
EndProject
Global
	GlobalSection(SolutionConfigurationPlatforms) = preSolution
		Debug|Any CPU = Debug|Any CPU
		Release|Any CPU = Release|Any CPU
	EndGlobalSection
	GlobalSection(ProjectConfigurationPlatforms) = postSolution
		{9EB3D7C4-52EF-4726-A013-503A2DB06887}.Debug|Any CPU.ActiveCfg = Debug|Any CPU
		{9EB3D7C4-52EF-4726-A013-503A2DB06887}.Debug|Any CPU.Build.0 = Debug|Any CPU
		{9EB3D7C4-52EF-4726-A013-503A2DB06887}.Release|Any CPU.ActiveCfg = Release|Any CPU
		{9EB3D7C4-52EF-4726-A013-503A2DB06887}.Release|Any CPU.Build.0 = Release|Any CPU
		{6C73297D-D26D-46F1-AEA1-9F6BA2AE9F5A}.Debug|Any CPU.ActiveCfg = Debug|Any CPU
		{6C73297D-D26D-46F1-AEA1-9F6BA2AE9F5A}.Debug|Any CPU.Build.0 = Debug|Any CPU
		{6C73297D-D26D-46F1-AEA1-9F6BA2AE9F5A}.Release|Any CPU.ActiveCfg = Release|Any CPU
		{6C73297D-D26D-46F1-AEA1-9F6BA2AE9F5A}.Release|Any CPU.Build.0 = Release|Any CPU
		{6AF5B1C2-4897-43BA-ACE8-27CEFCB163E2}.Debug|Any CPU.ActiveCfg = Debug|Any CPU
		{6AF5B1C2-4897-43BA-ACE8-27CEFCB163E2}.Debug|Any CPU.Build.0 = Debug|Any CPU
		{6AF5B1C2-4897-43BA-ACE8-27CEFCB163E2}.Release|Any CPU.ActiveCfg = Release|Any CPU
		{6AF5B1C2-4897-43BA-ACE8-27CEFCB163E2}.Release|Any CPU.Build.0 = Release|Any CPU
		{43833969-E215-4850-829F-063F00CC4219}.Debug|Any CPU.ActiveCfg = Debug|Any CPU
		{43833969-E215-4850-829F-063F00CC4219}.Debug|Any CPU.Build.0 = Debug|Any CPU
		{43833969-E215-4850-829F-063F00CC4219}.Release|Any CPU.ActiveCfg = Release|Any CPU
		{43833969-E215-4850-829F-063F00CC4219}.Release|Any CPU.Build.0 = Release|Any CPU
	EndGlobalSection
	GlobalSection(SolutionProperties) = preSolution
		HideSolutionNode = FALSE
	EndGlobalSection
	GlobalSection(ExtensibilityGlobals) = postSolution
		SolutionGuid = {06D81371-EAA9-447E-99E2-FA4DC8C8F65E}
	EndGlobalSection
EndGlobal
